// !$*UTF8*$!
{
	archiveVersion = 1;
	classes = {
	};
	objectVersion = 56;
	objects = {

/* Begin PBXBuildFile section */
		D05100092B3F0C6F001F576D /* CountdownTimerViewController.swift in Sources */ = {isa = PBXBuildFile; fileRef = D05100082B3F0C6F001F576D /* CountdownTimerViewController.swift */; };
		D05E46272A813F1000C8A536 /* PushCompletionViewController.swift in Sources */ = {isa = PBXBuildFile; fileRef = D05E46262A813F1000C8A536 /* PushCompletionViewController.swift */; };
		D063357E2B613B6C00AD3ED0 /* SquircleCornerViewController.swift in Sources */ = {isa = PBXBuildFile; fileRef = D063357D2B613B6C00AD3ED0 /* SquircleCornerViewController.swift */; };
		D08416D42A30E2C80078919B /* AppDelegate.swift in Sources */ = {isa = PBXBuildFile; fileRef = D08416D32A30E2C80078919B /* AppDelegate.swift */; };
		D08416D62A30E2C80078919B /* SceneDelegate.swift in Sources */ = {isa = PBXBuildFile; fileRef = D08416D52A30E2C80078919B /* SceneDelegate.swift */; };
		D08416DD2A30E2CA0078919B /* Assets.xcassets in Resources */ = {isa = PBXBuildFile; fileRef = D08416DC2A30E2CA0078919B /* Assets.xcassets */; };
		D08416E02A30E2CA0078919B /* LaunchScreen.storyboard in Resources */ = {isa = PBXBuildFile; fileRef = D08416DE2A30E2CA0078919B /* LaunchScreen.storyboard */; };
		D08416F02A30E6A60078919B /* ExampleListViewController.swift in Sources */ = {isa = PBXBuildFile; fileRef = D08416EF2A30E6A60078919B /* ExampleListViewController.swift */; };
		D08416F52A30EB2F0078919B /* ReerKit in Frameworks */ = {isa = PBXBuildFile; productRef = D08416F42A30EB2F0078919B /* ReerKit */; };
		D08416F72A30EBAF0078919B /* KeyboardManagerDemoViewController.swift in Sources */ = {isa = PBXBuildFile; fileRef = D08416F62A30EBAF0078919B /* KeyboardManagerDemoViewController.swift */; };
		D0A08C342B236D9B00B89DA9 /* GrayModeViewController.swift in Sources */ = {isa = PBXBuildFile; fileRef = D0A08C332B236D9B00B89DA9 /* GrayModeViewController.swift */; };
		D0C9C0F62A3239EE007C2C36 /* ResponderChainEventViewController.swift in Sources */ = {isa = PBXBuildFile; fileRef = D0C9C0F52A3239EE007C2C36 /* ResponderChainEventViewController.swift */; };
		D0D311202AB2D76F00E54361 /* ButtonExtensionsViewController.swift in Sources */ = {isa = PBXBuildFile; fileRef = D0D3111F2AB2D76F00E54361 /* ButtonExtensionsViewController.swift */; };
		D0D311222AB4351700E54361 /* SwiftUITestViewController.swift in Sources */ = {isa = PBXBuildFile; fileRef = D0D311212AB4351700E54361 /* SwiftUITestViewController.swift */; };
		D0D311292AB4798700E54361 /* BlurImageViewController.swift in Sources */ = {isa = PBXBuildFile; fileRef = D0D311282AB4798700E54361 /* BlurImageViewController.swift */; };
/* End PBXBuildFile section */

/* Begin PBXFileReference section */
		D05100082B3F0C6F001F576D /* CountdownTimerViewController.swift */ = {isa = PBXFileReference; lastKnownFileType = sourcecode.swift; path = CountdownTimerViewController.swift; sourceTree = "<group>"; };
		D05E46262A813F1000C8A536 /* PushCompletionViewController.swift */ = {isa = PBXFileReference; lastKnownFileType = sourcecode.swift; path = PushCompletionViewController.swift; sourceTree = "<group>"; };
		D063357D2B613B6C00AD3ED0 /* SquircleCornerViewController.swift */ = {isa = PBXFileReference; lastKnownFileType = sourcecode.swift; path = SquircleCornerViewController.swift; sourceTree = "<group>"; };
		D08416D02A30E2C80078919B /* iOS_Example.app */ = {isa = PBXFileReference; explicitFileType = wrapper.application; includeInIndex = 0; path = iOS_Example.app; sourceTree = BUILT_PRODUCTS_DIR; };
		D08416D32A30E2C80078919B /* AppDelegate.swift */ = {isa = PBXFileReference; lastKnownFileType = sourcecode.swift; path = AppDelegate.swift; sourceTree = "<group>"; };
		D08416D52A30E2C80078919B /* SceneDelegate.swift */ = {isa = PBXFileReference; lastKnownFileType = sourcecode.swift; path = SceneDelegate.swift; sourceTree = "<group>"; };
		D08416DC2A30E2CA0078919B /* Assets.xcassets */ = {isa = PBXFileReference; lastKnownFileType = folder.assetcatalog; path = Assets.xcassets; sourceTree = "<group>"; };
		D08416DF2A30E2CA0078919B /* Base */ = {isa = PBXFileReference; lastKnownFileType = file.storyboard; name = Base; path = Base.lproj/LaunchScreen.storyboard; sourceTree = "<group>"; };
		D08416E12A30E2CA0078919B /* Info.plist */ = {isa = PBXFileReference; lastKnownFileType = text.plist.xml; path = Info.plist; sourceTree = "<group>"; };
		D08416EE2A30E4410078919B /* ReerKit */ = {isa = PBXFileReference; lastKnownFileType = wrapper; name = ReerKit; path = ../..; sourceTree = "<group>"; };
		D08416EF2A30E6A60078919B /* ExampleListViewController.swift */ = {isa = PBXFileReference; fileEncoding = 4; lastKnownFileType = sourcecode.swift; path = ExampleListViewController.swift; sourceTree = "<group>"; };
		D08416F62A30EBAF0078919B /* KeyboardManagerDemoViewController.swift */ = {isa = PBXFileReference; lastKnownFileType = sourcecode.swift; path = KeyboardManagerDemoViewController.swift; sourceTree = "<group>"; };
		D0A08C332B236D9B00B89DA9 /* GrayModeViewController.swift */ = {isa = PBXFileReference; lastKnownFileType = sourcecode.swift; path = GrayModeViewController.swift; sourceTree = "<group>"; };
		D0C9C0F52A3239EE007C2C36 /* ResponderChainEventViewController.swift */ = {isa = PBXFileReference; lastKnownFileType = sourcecode.swift; path = ResponderChainEventViewController.swift; sourceTree = "<group>"; };
		D0D3111F2AB2D76F00E54361 /* ButtonExtensionsViewController.swift */ = {isa = PBXFileReference; lastKnownFileType = sourcecode.swift; path = ButtonExtensionsViewController.swift; sourceTree = "<group>"; };
		D0D311212AB4351700E54361 /* SwiftUITestViewController.swift */ = {isa = PBXFileReference; lastKnownFileType = sourcecode.swift; path = SwiftUITestViewController.swift; sourceTree = "<group>"; };
		D0D311282AB4798700E54361 /* BlurImageViewController.swift */ = {isa = PBXFileReference; lastKnownFileType = sourcecode.swift; path = BlurImageViewController.swift; sourceTree = "<group>"; };
/* End PBXFileReference section */

/* Begin PBXFrameworksBuildPhase section */
		D08416CD2A30E2C80078919B /* Frameworks */ = {
			isa = PBXFrameworksBuildPhase;
			buildActionMask = 2147483647;
			files = (
				D08416F52A30EB2F0078919B /* ReerKit in Frameworks */,
			);
			runOnlyForDeploymentPostprocessing = 0;
		};
/* End PBXFrameworksBuildPhase section */

/* Begin PBXGroup section */
		D08416C72A30E2C80078919B = {
			isa = PBXGroup;
			children = (
				D08416ED2A30E4410078919B /* Packages */,
				D08416D22A30E2C80078919B /* iOS_Example */,
				D08416D12A30E2C80078919B /* Products */,
				D08416F12A30EA7E0078919B /* Frameworks */,
			);
			sourceTree = "<group>";
		};
		D08416D12A30E2C80078919B /* Products */ = {
			isa = PBXGroup;
			children = (
				D08416D02A30E2C80078919B /* iOS_Example.app */,
			);
			name = Products;
			sourceTree = "<group>";
		};
		D08416D22A30E2C80078919B /* iOS_Example */ = {
			isa = PBXGroup;
			children = (
				D08416D32A30E2C80078919B /* AppDelegate.swift */,
				D08416D52A30E2C80078919B /* SceneDelegate.swift */,
				D08416EF2A30E6A60078919B /* ExampleListViewController.swift */,
				D08416F62A30EBAF0078919B /* KeyboardManagerDemoViewController.swift */,
				D0C9C0F52A3239EE007C2C36 /* ResponderChainEventViewController.swift */,
				D05E46262A813F1000C8A536 /* PushCompletionViewController.swift */,
				D0D3111F2AB2D76F00E54361 /* ButtonExtensionsViewController.swift */,
				D0D311212AB4351700E54361 /* SwiftUITestViewController.swift */,
				D0D311282AB4798700E54361 /* BlurImageViewController.swift */,
				D0A08C332B236D9B00B89DA9 /* GrayModeViewController.swift */,
				D05100082B3F0C6F001F576D /* CountdownTimerViewController.swift */,
				D063357D2B613B6C00AD3ED0 /* SquircleCornerViewController.swift */,
				D08416DC2A30E2CA0078919B /* Assets.xcassets */,
				D08416DE2A30E2CA0078919B /* LaunchScreen.storyboard */,
				D08416E12A30E2CA0078919B /* Info.plist */,
			);
			path = iOS_Example;
			sourceTree = "<group>";
		};
		D08416ED2A30E4410078919B /* Packages */ = {
			isa = PBXGroup;
			children = (
				D08416EE2A30E4410078919B /* ReerKit */,
			);
			name = Packages;
			sourceTree = "<group>";
		};
		D08416F12A30EA7E0078919B /* Frameworks */ = {
			isa = PBXGroup;
			children = (
			);
			name = Frameworks;
			sourceTree = "<group>";
		};
/* End PBXGroup section */

/* Begin PBXNativeTarget section */
		D08416CF2A30E2C80078919B /* iOS_Example */ = {
			isa = PBXNativeTarget;
			buildConfigurationList = D08416E42A30E2CA0078919B /* Build configuration list for PBXNativeTarget "iOS_Example" */;
			buildPhases = (
				D08416CC2A30E2C80078919B /* Sources */,
				D08416CD2A30E2C80078919B /* Frameworks */,
				D08416CE2A30E2C80078919B /* Resources */,
				D078E3FD2C1C46DE006BC913 /* ShellScript */,
			);
			buildRules = (
			);
			dependencies = (
			);
			name = iOS_Example;
			packageProductDependencies = (
				D08416F42A30EB2F0078919B /* ReerKit */,
			);
			productName = iOS_Example;
			productReference = D08416D02A30E2C80078919B /* iOS_Example.app */;
			productType = "com.apple.product-type.application";
		};
/* End PBXNativeTarget section */

/* Begin PBXProject section */
		D08416C82A30E2C80078919B /* Project object */ = {
			isa = PBXProject;
			attributes = {
				BuildIndependentTargetsInParallel = 1;
				LastSwiftUpdateCheck = 1420;
				LastUpgradeCheck = 1420;
				TargetAttributes = {
					D08416CF2A30E2C80078919B = {
						CreatedOnToolsVersion = 14.2;
					};
				};
			};
			buildConfigurationList = D08416CB2A30E2C80078919B /* Build configuration list for PBXProject "iOS_Example" */;
			compatibilityVersion = "Xcode 14.0";
			developmentRegion = en;
			hasScannedForEncodings = 0;
			knownRegions = (
				en,
				Base,
			);
			mainGroup = D08416C72A30E2C80078919B;
			productRefGroup = D08416D12A30E2C80078919B /* Products */;
			projectDirPath = "";
			projectRoot = "";
			targets = (
				D08416CF2A30E2C80078919B /* iOS_Example */,
			);
		};
/* End PBXProject section */

/* Begin PBXResourcesBuildPhase section */
		D08416CE2A30E2C80078919B /* Resources */ = {
			isa = PBXResourcesBuildPhase;
			buildActionMask = 2147483647;
			files = (
				D08416E02A30E2CA0078919B /* LaunchScreen.storyboard in Resources */,
				D08416DD2A30E2CA0078919B /* Assets.xcassets in Resources */,
			);
			runOnlyForDeploymentPostprocessing = 0;
		};
/* End PBXResourcesBuildPhase section */

/* Begin PBXShellScriptBuildPhase section */
		D078E3FD2C1C46DE006BC913 /* ShellScript */ = {
			isa = PBXShellScriptBuildPhase;
			buildActionMask = 2147483647;
			files = (
			);
			inputFileListPaths = (
			);
			inputPaths = (
			);
			outputFileListPaths = (
			);
			outputPaths = (
			);
			runOnlyForDeploymentPostprocessing = 0;
			shellPath = /bin/sh;
			shellScript = "# Type a script or drag a script file from your workspace to insert its path.\n";
		};
/* End PBXShellScriptBuildPhase section */

/* Begin PBXSourcesBuildPhase section */
		D08416CC2A30E2C80078919B /* Sources */ = {
			isa = PBXSourcesBuildPhase;
			buildActionMask = 2147483647;
			files = (
				D0D311292AB4798700E54361 /* BlurImageViewController.swift in Sources */,
				D08416F02A30E6A60078919B /* ExampleListViewController.swift in Sources */,
				D08416D42A30E2C80078919B /* AppDelegate.swift in Sources */,
				D0D311202AB2D76F00E54361 /* ButtonExtensionsViewController.swift in Sources */,
				D08416D62A30E2C80078919B /* SceneDelegate.swift in Sources */,
				D063357E2B613B6C00AD3ED0 /* SquircleCornerViewController.swift in Sources */,
				D0D311222AB4351700E54361 /* SwiftUITestViewController.swift in Sources */,
				D0C9C0F62A3239EE007C2C36 /* ResponderChainEventViewController.swift in Sources */,
				D05E46272A813F1000C8A536 /* PushCompletionViewController.swift in Sources */,
				D0A08C342B236D9B00B89DA9 /* GrayModeViewController.swift in Sources */,
				D08416F72A30EBAF0078919B /* KeyboardManagerDemoViewController.swift in Sources */,
				D05100092B3F0C6F001F576D /* CountdownTimerViewController.swift in Sources */,
			);
			runOnlyForDeploymentPostprocessing = 0;
		};
/* End PBXSourcesBuildPhase section */

/* Begin PBXVariantGroup section */
		D08416DE2A30E2CA0078919B /* LaunchScreen.storyboard */ = {
			isa = PBXVariantGroup;
			children = (
				D08416DF2A30E2CA0078919B /* Base */,
			);
			name = LaunchScreen.storyboard;
			sourceTree = "<group>";
		};
/* End PBXVariantGroup section */

/* Begin XCBuildConfiguration section */
		D08416E22A30E2CA0078919B /* Debug */ = {
			isa = XCBuildConfiguration;
			buildSettings = {
				ALWAYS_SEARCH_USER_PATHS = NO;
				CLANG_ANALYZER_NONNULL = YES;
				CLANG_ANALYZER_NUMBER_OBJECT_CONVERSION = YES_AGGRESSIVE;
				CLANG_CXX_LANGUAGE_STANDARD = "gnu++20";
				CLANG_ENABLE_MODULES = YES;
				CLANG_ENABLE_OBJC_ARC = YES;
				CLANG_ENABLE_OBJC_WEAK = YES;
				CLANG_WARN_BLOCK_CAPTURE_AUTORELEASING = YES;
				CLANG_WARN_BOOL_CONVERSION = YES;
				CLANG_WARN_COMMA = YES;
				CLANG_WARN_CONSTANT_CONVERSION = YES;
				CLANG_WARN_DEPRECATED_OBJC_IMPLEMENTATIONS = YES;
				CLANG_WARN_DIRECT_OBJC_ISA_USAGE = YES_ERROR;
				CLANG_WARN_DOCUMENTATION_COMMENTS = YES;
				CLANG_WARN_EMPTY_BODY = YES;
				CLANG_WARN_ENUM_CONVERSION = YES;
				CLANG_WARN_INFINITE_RECURSION = YES;
				CLANG_WARN_INT_CONVERSION = YES;
				CLANG_WARN_NON_LITERAL_NULL_CONVERSION = YES;
				CLANG_WARN_OBJC_IMPLICIT_RETAIN_SELF = YES;
				CLANG_WARN_OBJC_LITERAL_CONVERSION = YES;
				CLANG_WARN_OBJC_ROOT_CLASS = YES_ERROR;
				CLANG_WARN_QUOTED_INCLUDE_IN_FRAMEWORK_HEADER = YES;
				CLANG_WARN_RANGE_LOOP_ANALYSIS = YES;
				CLANG_WARN_STRICT_PROTOTYPES = YES;
				CLANG_WARN_SUSPICIOUS_MOVE = YES;
				CLANG_WARN_UNGUARDED_AVAILABILITY = YES_AGGRESSIVE;
				CLANG_WARN_UNREACHABLE_CODE = YES;
				CLANG_WARN__DUPLICATE_METHOD_MATCH = YES;
				COPY_PHASE_STRIP = NO;
				DEBUG_INFORMATION_FORMAT = dwarf;
				ENABLE_STRICT_OBJC_MSGSEND = YES;
				ENABLE_TESTABILITY = YES;
				GCC_C_LANGUAGE_STANDARD = gnu11;
				GCC_DYNAMIC_NO_PIC = NO;
				GCC_NO_COMMON_BLOCKS = YES;
				GCC_OPTIMIZATION_LEVEL = 0;
				GCC_PREPROCESSOR_DEFINITIONS = (
					"DEBUG=1",
					"$(inherited)",
				);
				GCC_WARN_64_TO_32_BIT_CONVERSION = YES;
				GCC_WARN_ABOUT_RETURN_TYPE = YES_ERROR;
				GCC_WARN_UNDECLARED_SELECTOR = YES;
				GCC_WARN_UNINITIALIZED_AUTOS = YES_AGGRESSIVE;
				GCC_WARN_UNUSED_FUNCTION = YES;
				GCC_WARN_UNUSED_VARIABLE = YES;
				IPHONEOS_DEPLOYMENT_TARGET = 16.2;
				MTL_ENABLE_DEBUG_INFO = INCLUDE_SOURCE;
				MTL_FAST_MATH = YES;
				ONLY_ACTIVE_ARCH = YES;
				SDKROOT = iphoneos;
				SWIFT_ACTIVE_COMPILATION_CONDITIONS = DEBUG;
				SWIFT_OPTIMIZATION_LEVEL = "-Onone";
			};
			name = Debug;
		};
		D08416E32A30E2CA0078919B /* Release */ = {
			isa = XCBuildConfiguration;
			buildSettings = {
				ALWAYS_SEARCH_USER_PATHS = NO;
				CLANG_ANALYZER_NONNULL = YES;
				CLANG_ANALYZER_NUMBER_OBJECT_CONVERSION = YES_AGGRESSIVE;
				CLANG_CXX_LANGUAGE_STANDARD = "gnu++20";
				CLANG_ENABLE_MODULES = YES;
				CLANG_ENABLE_OBJC_ARC = YES;
				CLANG_ENABLE_OBJC_WEAK = YES;
				CLANG_WARN_BLOCK_CAPTURE_AUTORELEASING = YES;
				CLANG_WARN_BOOL_CONVERSION = YES;
				CLANG_WARN_COMMA = YES;
				CLANG_WARN_CONSTANT_CONVERSION = YES;
				CLANG_WARN_DEPRECATED_OBJC_IMPLEMENTATIONS = YES;
				CLANG_WARN_DIRECT_OBJC_ISA_USAGE = YES_ERROR;
				CLANG_WARN_DOCUMENTATION_COMMENTS = YES;
				CLANG_WARN_EMPTY_BODY = YES;
				CLANG_WARN_ENUM_CONVERSION = YES;
				CLANG_WARN_INFINITE_RECURSION = YES;
				CLANG_WARN_INT_CONVERSION = YES;
				CLANG_WARN_NON_LITERAL_NULL_CONVERSION = YES;
				CLANG_WARN_OBJC_IMPLICIT_RETAIN_SELF = YES;
				CLANG_WARN_OBJC_LITERAL_CONVERSION = YES;
				CLANG_WARN_OBJC_ROOT_CLASS = YES_ERROR;
				CLANG_WARN_QUOTED_INCLUDE_IN_FRAMEWORK_HEADER = YES;
				CLANG_WARN_RANGE_LOOP_ANALYSIS = YES;
				CLANG_WARN_STRICT_PROTOTYPES = YES;
				CLANG_WARN_SUSPICIOUS_MOVE = YES;
				CLANG_WARN_UNGUARDED_AVAILABILITY = YES_AGGRESSIVE;
				CLANG_WARN_UNREACHABLE_CODE = YES;
				CLANG_WARN__DUPLICATE_METHOD_MATCH = YES;
				COPY_PHASE_STRIP = NO;
				DEBUG_INFORMATION_FORMAT = "dwarf-with-dsym";
				ENABLE_NS_ASSERTIONS = NO;
				ENABLE_STRICT_OBJC_MSGSEND = YES;
				GCC_C_LANGUAGE_STANDARD = gnu11;
				GCC_NO_COMMON_BLOCKS = YES;
				GCC_WARN_64_TO_32_BIT_CONVERSION = YES;
				GCC_WARN_ABOUT_RETURN_TYPE = YES_ERROR;
				GCC_WARN_UNDECLARED_SELECTOR = YES;
				GCC_WARN_UNINITIALIZED_AUTOS = YES_AGGRESSIVE;
				GCC_WARN_UNUSED_FUNCTION = YES;
				GCC_WARN_UNUSED_VARIABLE = YES;
				IPHONEOS_DEPLOYMENT_TARGET = 16.2;
				MTL_ENABLE_DEBUG_INFO = NO;
				MTL_FAST_MATH = YES;
				SDKROOT = iphoneos;
				SWIFT_COMPILATION_MODE = wholemodule;
				SWIFT_OPTIMIZATION_LEVEL = "-O";
				VALIDATE_PRODUCT = YES;
			};
			name = Release;
		};
		D08416E52A30E2CA0078919B /* Debug */ = {
			isa = XCBuildConfiguration;
			buildSettings = {
				ASSETCATALOG_COMPILER_APPICON_NAME = AppIcon;
				ASSETCATALOG_COMPILER_GLOBAL_ACCENT_COLOR_NAME = AccentColor;
				CODE_SIGN_STYLE = Automatic;
				CURRENT_PROJECT_VERSION = 1;
				DEVELOPMENT_TEAM = 8TCNQ547JF;
				GENERATE_INFOPLIST_FILE = YES;
				INFOPLIST_FILE = iOS_Example/Info.plist;
				INFOPLIST_KEY_UIApplicationSupportsIndirectInputEvents = YES;
				INFOPLIST_KEY_UILaunchStoryboardName = LaunchScreen;
				INFOPLIST_KEY_UIMainStoryboardFile = "";
				INFOPLIST_KEY_UISupportedInterfaceOrientations_iPad = "UIInterfaceOrientationPortrait UIInterfaceOrientationPortraitUpsideDown UIInterfaceOrientationLandscapeLeft UIInterfaceOrientationLandscapeRight";
				INFOPLIST_KEY_UISupportedInterfaceOrientations_iPhone = "UIInterfaceOrientationPortrait UIInterfaceOrientationLandscapeLeft UIInterfaceOrientationLandscapeRight";
				IPHONEOS_DEPLOYMENT_TARGET = 13.0;
				LD_RUNPATH_SEARCH_PATHS = (
					"$(inherited)",
					"@executable_path/Frameworks",
				);
				MARKETING_VERSION = 1.0;
				PRODUCT_BUNDLE_IDENTIFIER = "com.phoenix.iOS-Example";
				PRODUCT_NAME = "$(TARGET_NAME)";
				SWIFT_EMIT_LOC_STRINGS = YES;
				SWIFT_VERSION = 5.0;
				TARGETED_DEVICE_FAMILY = "1,2";
			};
			name = Debug;
		};
		D08416E62A30E2CA0078919B /* Release */ = {
			isa = XCBuildConfiguration;
			buildSettings = {
				ASSETCATALOG_COMPILER_APPICON_NAME = AppIcon;
				ASSETCATALOG_COMPILER_GLOBAL_ACCENT_COLOR_NAME = AccentColor;
				CODE_SIGN_STYLE = Automatic;
				CURRENT_PROJECT_VERSION = 1;
				DEVELOPMENT_TEAM = 8TCNQ547JF;
				GENERATE_INFOPLIST_FILE = YES;
				INFOPLIST_FILE = iOS_Example/Info.plist;
				INFOPLIST_KEY_UIApplicationSupportsIndirectInputEvents = YES;
				INFOPLIST_KEY_UILaunchStoryboardName = LaunchScreen;
				INFOPLIST_KEY_UIMainStoryboardFile = "";
				INFOPLIST_KEY_UISupportedInterfaceOrientations_iPad = "UIInterfaceOrientationPortrait UIInterfaceOrientationPortraitUpsideDown UIInterfaceOrientationLandscapeLeft UIInterfaceOrientationLandscapeRight";
				INFOPLIST_KEY_UISupportedInterfaceOrientations_iPhone = "UIInterfaceOrientationPortrait UIInterfaceOrientationLandscapeLeft UIInterfaceOrientationLandscapeRight";
				IPHONEOS_DEPLOYMENT_TARGET = 13.0;
				LD_RUNPATH_SEARCH_PATHS = (
					"$(inherited)",
					"@executable_path/Frameworks",
				);
				MARKETING_VERSION = 1.0;
				PRODUCT_BUNDLE_IDENTIFIER = "com.phoenix.iOS-Example";
				PRODUCT_NAME = "$(TARGET_NAME)";
				SWIFT_EMIT_LOC_STRINGS = YES;
				SWIFT_VERSION = 5.0;
				TARGETED_DEVICE_FAMILY = "1,2";
			};
			name = Release;
		};
/* End XCBuildConfiguration section */

/* Begin XCConfigurationList section */
		D08416CB2A30E2C80078919B /* Build configuration list for PBXProject "iOS_Example" */ = {
			isa = XCConfigurationList;
			buildConfigurations = (
				D08416E22A30E2CA0078919B /* Debug */,
				D08416E32A30E2CA0078919B /* Release */,
			);
			defaultConfigurationIsVisible = 0;
			defaultConfigurationName = Release;
		};
		D08416E42A30E2CA0078919B /* Build configuration list for PBXNativeTarget "iOS_Example" */ = {
			isa = XCConfigurationList;
			buildConfigurations = (
				D08416E52A30E2CA0078919B /* Debug */,
				D08416E62A30E2CA0078919B /* Release */,
			);
			defaultConfigurationIsVisible = 0;
			defaultConfigurationName = Release;
		};
/* End XCConfigurationList section */

/* Begin XCSwiftPackageProductDependency section */
		D08416F42A30EB2F0078919B /* ReerKit */ = {
			isa = XCSwiftPackageProductDependency;
			productName = ReerKit;
		};
/* End XCSwiftPackageProductDependency section */
	};
	rootObject = D08416C82A30E2C80078919B /* Project object */;
}
