// !$*UTF8*$!
{
	archiveVersion = 1;
	classes = {
	};
	objectVersion = 55;
	objects = {

/* Begin PBXBuildFile section */
		D0038B7D285642B600A890F9 /* Locked.swift in Sources */ = {isa = PBXBuildFile; fileRef = D0038B7C285642B600A890F9 /* Locked.swift */; };
		D0038B7F2856581600A890F9 /* UnfairLock.swift in Sources */ = {isa = PBXBuildFile; fileRef = D0038B7E2856581600A890F9 /* UnfairLock.swift */; };
		D0038B8128565B9500A890F9 /* ReadWriteLock.swift in Sources */ = {isa = PBXBuildFile; fileRef = D0038B8028565B9400A890F9 /* ReadWriteLock.swift */; };
		D0038B832856662B00A890F9 /* RWLocked.swift in Sources */ = {isa = PBXBuildFile; fileRef = D0038B822856662B00A890F9 /* RWLocked.swift */; };
		D004CC49285A41F500C41360 /* Synchronizing.swift in Sources */ = {isa = PBXBuildFile; fileRef = D004CC48285A41F500C41360 /* Synchronizing.swift */; };
		D019B8F5285BA02900257A7D /* ReadWriteLockTests.swift in Sources */ = {isa = PBXBuildFile; fileRef = D019B8F4285BA02900257A7D /* ReadWriteLockTests.swift */; };
		D019B8F7285BA3CB00257A7D /* UnfairLockTests.swift in Sources */ = {isa = PBXBuildFile; fileRef = D019B8F6285BA3CB00257A7D /* UnfairLockTests.swift */; };
		D0A0040628620D9900D2FA7C /* TypeNameDescribableTests.swift in Sources */ = {isa = PBXBuildFile; fileRef = D0A0040528620D9900D2FA7C /* TypeNameDescribableTests.swift */; };
		D0B120FD285505AA00B5B326 /* ReerKit.framework in Frameworks */ = {isa = PBXBuildFile; fileRef = D0B120F4285505AA00B5B326 /* ReerKit.framework */; };
		D0B1210F2855079000B5B326 /* UIView+REExtensions.swift in Sources */ = {isa = PBXBuildFile; fileRef = D0B1210E2855079000B5B326 /* UIView+REExtensions.swift */; };
		D0B121122855089000B5B326 /* ReerKit.swift in Sources */ = {isa = PBXBuildFile; fileRef = D0B121112855089000B5B326 /* ReerKit.swift */; };
		D0B1211528550E1000B5B326 /* NSObject+REExtensions.swift in Sources */ = {isa = PBXBuildFile; fileRef = D0B1211428550E1000B5B326 /* NSObject+REExtensions.swift */; };
		D0B1211B285510B200B5B326 /* NSObjectExtensionsTests.swift in Sources */ = {isa = PBXBuildFile; fileRef = D0B1211A285510B200B5B326 /* NSObjectExtensionsTests.swift */; };
		D0B1211E2855156200B5B326 /* TypeNameDescribable.swift in Sources */ = {isa = PBXBuildFile; fileRef = D0B1211D2855156200B5B326 /* TypeNameDescribable.swift */; };
		D0B121212855207900B5B326 /* UIViewExtensionsTests.swift in Sources */ = {isa = PBXBuildFile; fileRef = D0B121202855207900B5B326 /* UIViewExtensionsTests.swift */; };
		D0C95FD52857899F00D0522D /* Bool+REExtensions.swift in Sources */ = {isa = PBXBuildFile; fileRef = D0C95FD42857899F00D0522D /* Bool+REExtensions.swift */; };
		D0C95FD8285793A000D0522D /* BoolExtensionsTests.swift in Sources */ = {isa = PBXBuildFile; fileRef = D0C95FD7285793A000D0522D /* BoolExtensionsTests.swift */; };
		D0C95FDA2857999D00D0522D /* Int+REExtensions.swift in Sources */ = {isa = PBXBuildFile; fileRef = D0C95FD92857999D00D0522D /* Int+REExtensions.swift */; };
		D0C95FDC28579B5500D0522D /* SignedInteger+REExtensions.swift in Sources */ = {isa = PBXBuildFile; fileRef = D0C95FDB28579B5500D0522D /* SignedInteger+REExtensions.swift */; };
		D0C95FDE2857A24000D0522D /* SignedIntegerExtensionsTests.swift in Sources */ = {isa = PBXBuildFile; fileRef = D0C95FDD2857A24000D0522D /* SignedIntegerExtensionsTests.swift */; };
		D0C95FE02857AC1A00D0522D /* SignedNumeric+REExtensions.swift in Sources */ = {isa = PBXBuildFile; fileRef = D0C95FDF2857AC1A00D0522D /* SignedNumeric+REExtensions.swift */; };
		D0C95FE22857AD5D00D0522D /* SignedNumericExtensionsTests.swift in Sources */ = {isa = PBXBuildFile; fileRef = D0C95FE12857AD5D00D0522D /* SignedNumericExtensionsTests.swift */; };
		D0C95FE42857B4C400D0522D /* IntExtensionsTests.swift in Sources */ = {isa = PBXBuildFile; fileRef = D0C95FE32857B4C400D0522D /* IntExtensionsTests.swift */; };
/* End PBXBuildFile section */

/* Begin PBXContainerItemProxy section */
		D0B120FE285505AA00B5B326 /* PBXContainerItemProxy */ = {
			isa = PBXContainerItemProxy;
			containerPortal = D0B120E92855057800B5B326 /* Project object */;
			proxyType = 1;
			remoteGlobalIDString = D0B120F3285505AA00B5B326;
			remoteInfo = "ReerKit-iOS";
		};
/* End PBXContainerItemProxy section */

/* Begin PBXFileReference section */
		D0038B7C285642B600A890F9 /* Locked.swift */ = {isa = PBXFileReference; lastKnownFileType = sourcecode.swift; path = Locked.swift; sourceTree = "<group>"; };
		D0038B7E2856581600A890F9 /* UnfairLock.swift */ = {isa = PBXFileReference; lastKnownFileType = sourcecode.swift; path = UnfairLock.swift; sourceTree = "<group>"; };
		D0038B8028565B9400A890F9 /* ReadWriteLock.swift */ = {isa = PBXFileReference; lastKnownFileType = sourcecode.swift; path = ReadWriteLock.swift; sourceTree = "<group>"; };
		D0038B822856662B00A890F9 /* RWLocked.swift */ = {isa = PBXFileReference; lastKnownFileType = sourcecode.swift; path = RWLocked.swift; sourceTree = "<group>"; };
		D004CC48285A41F500C41360 /* Synchronizing.swift */ = {isa = PBXFileReference; lastKnownFileType = sourcecode.swift; path = Synchronizing.swift; sourceTree = "<group>"; };
		D019B8F4285BA02900257A7D /* ReadWriteLockTests.swift */ = {isa = PBXFileReference; lastKnownFileType = sourcecode.swift; path = ReadWriteLockTests.swift; sourceTree = "<group>"; };
		D019B8F6285BA3CB00257A7D /* UnfairLockTests.swift */ = {isa = PBXFileReference; lastKnownFileType = sourcecode.swift; path = UnfairLockTests.swift; sourceTree = "<group>"; };
		D0A0040528620D9900D2FA7C /* TypeNameDescribableTests.swift */ = {isa = PBXFileReference; lastKnownFileType = sourcecode.swift; path = TypeNameDescribableTests.swift; sourceTree = "<group>"; };
		D0B120F4285505AA00B5B326 /* ReerKit.framework */ = {isa = PBXFileReference; explicitFileType = wrapper.framework; includeInIndex = 0; path = ReerKit.framework; sourceTree = BUILT_PRODUCTS_DIR; };
		D0B120FC285505AA00B5B326 /* ReerKit-iOSTests.xctest */ = {isa = PBXFileReference; explicitFileType = wrapper.cfbundle; includeInIndex = 0; path = "ReerKit-iOSTests.xctest"; sourceTree = BUILT_PRODUCTS_DIR; };
		D0B1210E2855079000B5B326 /* UIView+REExtensions.swift */ = {isa = PBXFileReference; lastKnownFileType = sourcecode.swift; path = "UIView+REExtensions.swift"; sourceTree = "<group>"; };
		D0B121112855089000B5B326 /* ReerKit.swift */ = {isa = PBXFileReference; lastKnownFileType = sourcecode.swift; path = ReerKit.swift; sourceTree = "<group>"; };
		D0B1211428550E1000B5B326 /* NSObject+REExtensions.swift */ = {isa = PBXFileReference; lastKnownFileType = sourcecode.swift; path = "NSObject+REExtensions.swift"; sourceTree = "<group>"; };
		D0B1211A285510B200B5B326 /* NSObjectExtensionsTests.swift */ = {isa = PBXFileReference; lastKnownFileType = sourcecode.swift; path = NSObjectExtensionsTests.swift; sourceTree = "<group>"; };
		D0B1211D2855156200B5B326 /* TypeNameDescribable.swift */ = {isa = PBXFileReference; lastKnownFileType = sourcecode.swift; path = TypeNameDescribable.swift; sourceTree = "<group>"; };
		D0B121202855207900B5B326 /* UIViewExtensionsTests.swift */ = {isa = PBXFileReference; lastKnownFileType = sourcecode.swift; path = UIViewExtensionsTests.swift; sourceTree = "<group>"; };
		D0C95FD42857899F00D0522D /* Bool+REExtensions.swift */ = {isa = PBXFileReference; lastKnownFileType = sourcecode.swift; path = "Bool+REExtensions.swift"; sourceTree = "<group>"; };
		D0C95FD7285793A000D0522D /* BoolExtensionsTests.swift */ = {isa = PBXFileReference; lastKnownFileType = sourcecode.swift; path = BoolExtensionsTests.swift; sourceTree = "<group>"; };
		D0C95FD92857999D00D0522D /* Int+REExtensions.swift */ = {isa = PBXFileReference; lastKnownFileType = sourcecode.swift; path = "Int+REExtensions.swift"; sourceTree = "<group>"; };
		D0C95FDB28579B5500D0522D /* SignedInteger+REExtensions.swift */ = {isa = PBXFileReference; lastKnownFileType = sourcecode.swift; path = "SignedInteger+REExtensions.swift"; sourceTree = "<group>"; };
		D0C95FDD2857A24000D0522D /* SignedIntegerExtensionsTests.swift */ = {isa = PBXFileReference; lastKnownFileType = sourcecode.swift; path = SignedIntegerExtensionsTests.swift; sourceTree = "<group>"; };
		D0C95FDF2857AC1A00D0522D /* SignedNumeric+REExtensions.swift */ = {isa = PBXFileReference; lastKnownFileType = sourcecode.swift; path = "SignedNumeric+REExtensions.swift"; sourceTree = "<group>"; };
		D0C95FE12857AD5D00D0522D /* SignedNumericExtensionsTests.swift */ = {isa = PBXFileReference; lastKnownFileType = sourcecode.swift; path = SignedNumericExtensionsTests.swift; sourceTree = "<group>"; };
		D0C95FE32857B4C400D0522D /* IntExtensionsTests.swift */ = {isa = PBXFileReference; lastKnownFileType = sourcecode.swift; path = IntExtensionsTests.swift; sourceTree = "<group>"; };
/* End PBXFileReference section */

/* Begin PBXFrameworksBuildPhase section */
		D0B120F1285505AA00B5B326 /* Frameworks */ = {
			isa = PBXFrameworksBuildPhase;
			buildActionMask = 2147483647;
			files = (
			);
			runOnlyForDeploymentPostprocessing = 0;
		};
		D0B120F9285505AA00B5B326 /* Frameworks */ = {
			isa = PBXFrameworksBuildPhase;
			buildActionMask = 2147483647;
			files = (
				D0B120FD285505AA00B5B326 /* ReerKit.framework in Frameworks */,
			);
			runOnlyForDeploymentPostprocessing = 0;
		};
/* End PBXFrameworksBuildPhase section */

/* Begin PBXGroup section */
		D019B8F3285B9FEB00257A7D /* UtilityTests */ = {
			isa = PBXGroup;
			children = (
				D019B8F4285BA02900257A7D /* ReadWriteLockTests.swift */,
				D019B8F6285BA3CB00257A7D /* UnfairLockTests.swift */,
				D0A0040528620D9900D2FA7C /* TypeNameDescribableTests.swift */,
			);
			path = UtilityTests;
			sourceTree = "<group>";
		};
		D0A0040728621C7600D2FA7C /* Lock */ = {
			isa = PBXGroup;
			children = (
				D0038B7E2856581600A890F9 /* UnfairLock.swift */,
				D0038B8028565B9400A890F9 /* ReadWriteLock.swift */,
				D0038B7C285642B600A890F9 /* Locked.swift */,
				D0038B822856662B00A890F9 /* RWLocked.swift */,
				D004CC48285A41F500C41360 /* Synchronizing.swift */,
			);
			path = Lock;
			sourceTree = "<group>";
		};
		D0B120E82855057800B5B326 = {
			isa = PBXGroup;
			children = (
				D0B1210A2855067B00B5B326 /* Sources */,
				D0B1210C2855069400B5B326 /* Tests */,
				D0B120F5285505AA00B5B326 /* Products */,
			);
			sourceTree = "<group>";
		};
		D0B120F5285505AA00B5B326 /* Products */ = {
			isa = PBXGroup;
			children = (
				D0B120F4285505AA00B5B326 /* ReerKit.framework */,
				D0B120FC285505AA00B5B326 /* ReerKit-iOSTests.xctest */,
			);
			name = Products;
			sourceTree = "<group>";
		};
		D0B1210A2855067B00B5B326 /* Sources */ = {
			isa = PBXGroup;
			children = (
				D0C95FD32857898200D0522D /* StandardLibrary */,
				D0B1211C2855154100B5B326 /* Utility */,
				D0B1211328550DF800B5B326 /* Foundation */,
				D0B121102855086B00B5B326 /* General */,
				D0B1210D2855077B00B5B326 /* UIKit */,
			);
			path = Sources;
			sourceTree = "<group>";
		};
		D0B1210C2855069400B5B326 /* Tests */ = {
			isa = PBXGroup;
			children = (
				D019B8F3285B9FEB00257A7D /* UtilityTests */,
				D0C95FD62857937F00D0522D /* StandardLibraryExtensionsTests */,
				D0B1211F28551FA000B5B326 /* UIKitTests */,
				D0B1211628550EDD00B5B326 /* FoundationTests */,
			);
			path = Tests;
			sourceTree = "<group>";
		};
		D0B1210D2855077B00B5B326 /* UIKit */ = {
			isa = PBXGroup;
			children = (
				D0B1210E2855079000B5B326 /* UIView+REExtensions.swift */,
			);
			path = UIKit;
			sourceTree = "<group>";
		};
		D0B121102855086B00B5B326 /* General */ = {
			isa = PBXGroup;
			children = (
				D0B121112855089000B5B326 /* ReerKit.swift */,
			);
			path = General;
			sourceTree = "<group>";
		};
		D0B1211328550DF800B5B326 /* Foundation */ = {
			isa = PBXGroup;
			children = (
				D0B1211428550E1000B5B326 /* NSObject+REExtensions.swift */,
			);
			path = Foundation;
			sourceTree = "<group>";
		};
		D0B1211628550EDD00B5B326 /* FoundationTests */ = {
			isa = PBXGroup;
			children = (
				D0B1211A285510B200B5B326 /* NSObjectExtensionsTests.swift */,
			);
			path = FoundationTests;
			sourceTree = "<group>";
		};
		D0B1211C2855154100B5B326 /* Utility */ = {
			isa = PBXGroup;
			children = (
				D0A0040728621C7600D2FA7C /* Lock */,
				D0B1211D2855156200B5B326 /* TypeNameDescribable.swift */,
			);
			path = Utility;
			sourceTree = "<group>";
		};
		D0B1211F28551FA000B5B326 /* UIKitTests */ = {
			isa = PBXGroup;
			children = (
				D0B121202855207900B5B326 /* UIViewExtensionsTests.swift */,
			);
			path = UIKitTests;
			sourceTree = "<group>";
		};
		D0C95FD32857898200D0522D /* StandardLibrary */ = {
			isa = PBXGroup;
			children = (
				D0C95FD42857899F00D0522D /* Bool+REExtensions.swift */,
				D0C95FD92857999D00D0522D /* Int+REExtensions.swift */,
				D0C95FDB28579B5500D0522D /* SignedInteger+REExtensions.swift */,
				D0C95FDF2857AC1A00D0522D /* SignedNumeric+REExtensions.swift */,
			);
			path = StandardLibrary;
			sourceTree = "<group>";
		};
		D0C95FD62857937F00D0522D /* StandardLibraryExtensionsTests */ = {
			isa = PBXGroup;
			children = (
				D0C95FD7285793A000D0522D /* BoolExtensionsTests.swift */,
				D0C95FDD2857A24000D0522D /* SignedIntegerExtensionsTests.swift */,
				D0C95FE12857AD5D00D0522D /* SignedNumericExtensionsTests.swift */,
				D0C95FE32857B4C400D0522D /* IntExtensionsTests.swift */,
			);
			path = StandardLibraryExtensionsTests;
			sourceTree = "<group>";
		};
/* End PBXGroup section */

/* Begin PBXHeadersBuildPhase section */
		D0B120EF285505AA00B5B326 /* Headers */ = {
			isa = PBXHeadersBuildPhase;
			buildActionMask = 2147483647;
			files = (
			);
			runOnlyForDeploymentPostprocessing = 0;
		};
/* End PBXHeadersBuildPhase section */

/* Begin PBXNativeTarget section */
		D0B120F3285505AA00B5B326 /* ReerKit-iOS */ = {
			isa = PBXNativeTarget;
			buildConfigurationList = D0B12108285505AA00B5B326 /* Build configuration list for PBXNativeTarget "ReerKit-iOS" */;
			buildPhases = (
				D0B120EF285505AA00B5B326 /* Headers */,
				D0B120F0285505AA00B5B326 /* Sources */,
				D0B120F1285505AA00B5B326 /* Frameworks */,
				D0B120F2285505AA00B5B326 /* Resources */,
			);
			buildRules = (
			);
			dependencies = (
			);
			name = "ReerKit-iOS";
			productName = "ReerKit-iOS";
			productReference = D0B120F4285505AA00B5B326 /* ReerKit.framework */;
			productType = "com.apple.product-type.framework";
		};
		D0B120FB285505AA00B5B326 /* ReerKit-iOSTests */ = {
			isa = PBXNativeTarget;
			buildConfigurationList = D0B12109285505AA00B5B326 /* Build configuration list for PBXNativeTarget "ReerKit-iOSTests" */;
			buildPhases = (
				D0B120F8285505AA00B5B326 /* Sources */,
				D0B120F9285505AA00B5B326 /* Frameworks */,
				D0B120FA285505AA00B5B326 /* Resources */,
			);
			buildRules = (
			);
			dependencies = (
				D0B120FF285505AA00B5B326 /* PBXTargetDependency */,
			);
			name = "ReerKit-iOSTests";
			productName = "ReerKit-iOSTests";
			productReference = D0B120FC285505AA00B5B326 /* ReerKit-iOSTests.xctest */;
			productType = "com.apple.product-type.bundle.unit-test";
		};
/* End PBXNativeTarget section */

/* Begin PBXProject section */
		D0B120E92855057800B5B326 /* Project object */ = {
			isa = PBXProject;
			attributes = {
				BuildIndependentTargetsInParallel = 1;
				LastSwiftUpdateCheck = 1320;
				LastUpgradeCheck = 1320;
				ORGANIZATIONNAME = reers;
				TargetAttributes = {
					D0B120F3285505AA00B5B326 = {
						CreatedOnToolsVersion = 13.2.1;
						LastSwiftMigration = 1320;
					};
					D0B120FB285505AA00B5B326 = {
						CreatedOnToolsVersion = 13.2.1;
						LastSwiftMigration = 1320;
					};
				};
			};
			buildConfigurationList = D0B120EC2855057800B5B326 /* Build configuration list for PBXProject "ReerKit" */;
			compatibilityVersion = "Xcode 13.0";
			developmentRegion = en;
			hasScannedForEncodings = 0;
			knownRegions = (
				en,
				Base,
			);
			mainGroup = D0B120E82855057800B5B326;
			productRefGroup = D0B120F5285505AA00B5B326 /* Products */;
			projectDirPath = "";
			projectRoot = "";
			targets = (
				D0B120F3285505AA00B5B326 /* ReerKit-iOS */,
				D0B120FB285505AA00B5B326 /* ReerKit-iOSTests */,
			);
		};
/* End PBXProject section */

/* Begin PBXResourcesBuildPhase section */
		D0B120F2285505AA00B5B326 /* Resources */ = {
			isa = PBXResourcesBuildPhase;
			buildActionMask = 2147483647;
			files = (
			);
			runOnlyForDeploymentPostprocessing = 0;
		};
		D0B120FA285505AA00B5B326 /* Resources */ = {
			isa = PBXResourcesBuildPhase;
			buildActionMask = 2147483647;
			files = (
			);
			runOnlyForDeploymentPostprocessing = 0;
		};
/* End PBXResourcesBuildPhase section */

/* Begin PBXSourcesBuildPhase section */
		D0B120F0285505AA00B5B326 /* Sources */ = {
			isa = PBXSourcesBuildPhase;
			buildActionMask = 2147483647;
			files = (
				D0C95FE02857AC1A00D0522D /* SignedNumeric+REExtensions.swift in Sources */,
				D0C95FD52857899F00D0522D /* Bool+REExtensions.swift in Sources */,
				D0B1210F2855079000B5B326 /* UIView+REExtensions.swift in Sources */,
				D0C95FDA2857999D00D0522D /* Int+REExtensions.swift in Sources */,
				D0038B7D285642B600A890F9 /* Locked.swift in Sources */,
				D0038B8128565B9500A890F9 /* ReadWriteLock.swift in Sources */,
				D0B121122855089000B5B326 /* ReerKit.swift in Sources */,
				D0C95FDC28579B5500D0522D /* SignedInteger+REExtensions.swift in Sources */,
				D0038B832856662B00A890F9 /* RWLocked.swift in Sources */,
				D0038B7F2856581600A890F9 /* UnfairLock.swift in Sources */,
				D0B1211528550E1000B5B326 /* NSObject+REExtensions.swift in Sources */,
				D0B1211E2855156200B5B326 /* TypeNameDescribable.swift in Sources */,
				D004CC49285A41F500C41360 /* Synchronizing.swift in Sources */,
			);
			runOnlyForDeploymentPostprocessing = 0;
		};
		D0B120F8285505AA00B5B326 /* Sources */ = {
			isa = PBXSourcesBuildPhase;
			buildActionMask = 2147483647;
			files = (
				D0C95FDE2857A24000D0522D /* SignedIntegerExtensionsTests.swift in Sources */,
				D019B8F7285BA3CB00257A7D /* UnfairLockTests.swift in Sources */,
				D019B8F5285BA02900257A7D /* ReadWriteLockTests.swift in Sources */,
				D0A0040628620D9900D2FA7C /* TypeNameDescribableTests.swift in Sources */,
				D0B121212855207900B5B326 /* UIViewExtensionsTests.swift in Sources */,
				D0B1211B285510B200B5B326 /* NSObjectExtensionsTests.swift in Sources */,
				D0C95FE42857B4C400D0522D /* IntExtensionsTests.swift in Sources */,
				D0C95FE22857AD5D00D0522D /* SignedNumericExtensionsTests.swift in Sources */,
				D0C95FD8285793A000D0522D /* BoolExtensionsTests.swift in Sources */,
			);
			runOnlyForDeploymentPostprocessing = 0;
		};
/* End PBXSourcesBuildPhase section */

/* Begin PBXTargetDependency section */
		D0B120FF285505AA00B5B326 /* PBXTargetDependency */ = {
			isa = PBXTargetDependency;
			target = D0B120F3285505AA00B5B326 /* ReerKit-iOS */;
			targetProxy = D0B120FE285505AA00B5B326 /* PBXContainerItemProxy */;
		};
/* End PBXTargetDependency section */

/* Begin XCBuildConfiguration section */
		D0B120ED2855057800B5B326 /* Debug */ = {
			isa = XCBuildConfiguration;
			buildSettings = {
				IPHONEOS_DEPLOYMENT_TARGET = 12.0;
			};
			name = Debug;
		};
		D0B120EE2855057800B5B326 /* Release */ = {
			isa = XCBuildConfiguration;
			buildSettings = {
				IPHONEOS_DEPLOYMENT_TARGET = 12.0;
			};
			name = Release;
		};
		D0B12104285505AA00B5B326 /* Debug */ = {
			isa = XCBuildConfiguration;
			buildSettings = {
				ALWAYS_SEARCH_USER_PATHS = NO;
				CLANG_ANALYZER_NONNULL = YES;
				CLANG_ANALYZER_NUMBER_OBJECT_CONVERSION = YES_AGGRESSIVE;
				CLANG_CXX_LANGUAGE_STANDARD = "gnu++17";
				CLANG_CXX_LIBRARY = "libc++";
				CLANG_ENABLE_MODULES = YES;
				CLANG_ENABLE_OBJC_ARC = YES;
				CLANG_ENABLE_OBJC_WEAK = YES;
				CLANG_WARN_BLOCK_CAPTURE_AUTORELEASING = YES;
				CLANG_WARN_BOOL_CONVERSION = YES;
				CLANG_WARN_COMMA = YES;
				CLANG_WARN_CONSTANT_CONVERSION = YES;
				CLANG_WARN_DEPRECATED_OBJC_IMPLEMENTATIONS = YES;
				CLANG_WARN_DIRECT_OBJC_ISA_USAGE = YES_ERROR;
				CLANG_WARN_DOCUMENTATION_COMMENTS = YES;
				CLANG_WARN_EMPTY_BODY = YES;
				CLANG_WARN_ENUM_CONVERSION = YES;
				CLANG_WARN_INFINITE_RECURSION = YES;
				CLANG_WARN_INT_CONVERSION = YES;
				CLANG_WARN_NON_LITERAL_NULL_CONVERSION = YES;
				CLANG_WARN_OBJC_IMPLICIT_RETAIN_SELF = YES;
				CLANG_WARN_OBJC_LITERAL_CONVERSION = YES;
				CLANG_WARN_OBJC_ROOT_CLASS = YES_ERROR;
				CLANG_WARN_QUOTED_INCLUDE_IN_FRAMEWORK_HEADER = YES;
				CLANG_WARN_RANGE_LOOP_ANALYSIS = YES;
				CLANG_WARN_STRICT_PROTOTYPES = YES;
				CLANG_WARN_SUSPICIOUS_MOVE = YES;
				CLANG_WARN_UNGUARDED_AVAILABILITY = YES_AGGRESSIVE;
				CLANG_WARN_UNREACHABLE_CODE = YES;
				CLANG_WARN__DUPLICATE_METHOD_MATCH = YES;
				CODE_SIGN_STYLE = Automatic;
				COPY_PHASE_STRIP = NO;
				CURRENT_PROJECT_VERSION = 1;
				DEBUG_INFORMATION_FORMAT = dwarf;
				DEFINES_MODULE = YES;
				DEVELOPMENT_TEAM = 8TCNQ547JF;
				DYLIB_COMPATIBILITY_VERSION = 1;
				DYLIB_CURRENT_VERSION = 1;
				DYLIB_INSTALL_NAME_BASE = "@rpath";
				ENABLE_STRICT_OBJC_MSGSEND = YES;
				ENABLE_TESTABILITY = YES;
				GCC_C_LANGUAGE_STANDARD = gnu11;
				GCC_DYNAMIC_NO_PIC = NO;
				GCC_NO_COMMON_BLOCKS = YES;
				GCC_OPTIMIZATION_LEVEL = 0;
				GCC_PREPROCESSOR_DEFINITIONS = (
					"DEBUG=1",
					"$(inherited)",
				);
				GCC_WARN_64_TO_32_BIT_CONVERSION = YES;
				GCC_WARN_ABOUT_RETURN_TYPE = YES_ERROR;
				GCC_WARN_UNDECLARED_SELECTOR = YES;
				GCC_WARN_UNINITIALIZED_AUTOS = YES_AGGRESSIVE;
				GCC_WARN_UNUSED_FUNCTION = YES;
				GCC_WARN_UNUSED_VARIABLE = YES;
				GENERATE_INFOPLIST_FILE = YES;
				INFOPLIST_KEY_NSHumanReadableCopyright = "";
				INSTALL_PATH = "$(LOCAL_LIBRARY_DIR)/Frameworks";
				IPHONEOS_DEPLOYMENT_TARGET = 12.0;
				"IPHONEOS_DEPLOYMENT_TARGET[sdk=macosx*]" = 14.2;
				LD_RUNPATH_SEARCH_PATHS = (
					"$(inherited)",
					"@executable_path/Frameworks",
					"@loader_path/Frameworks",
				);
				MARKETING_VERSION = 1.0;
				MTL_ENABLE_DEBUG_INFO = INCLUDE_SOURCE;
				MTL_FAST_MATH = YES;
				ONLY_ACTIVE_ARCH = YES;
				PRODUCT_BUNDLE_IDENTIFIER = "com.phoenix.ReerKit-iOS";
				PRODUCT_NAME = ReerKit;
				SDKROOT = iphoneos;
				SKIP_INSTALL = YES;
				SWIFT_ACTIVE_COMPILATION_CONDITIONS = DEBUG;
				SWIFT_EMIT_LOC_STRINGS = YES;
				SWIFT_OPTIMIZATION_LEVEL = "-Onone";
				SWIFT_VERSION = 5.0;
				TARGETED_DEVICE_FAMILY = "1,2";
				VERSIONING_SYSTEM = "apple-generic";
				VERSION_INFO_PREFIX = "";
			};
			name = Debug;
		};
		D0B12105285505AA00B5B326 /* Release */ = {
			isa = XCBuildConfiguration;
			buildSettings = {
				ALWAYS_SEARCH_USER_PATHS = NO;
				CLANG_ANALYZER_NONNULL = YES;
				CLANG_ANALYZER_NUMBER_OBJECT_CONVERSION = YES_AGGRESSIVE;
				CLANG_CXX_LANGUAGE_STANDARD = "gnu++17";
				CLANG_CXX_LIBRARY = "libc++";
				CLANG_ENABLE_MODULES = YES;
				CLANG_ENABLE_OBJC_ARC = YES;
				CLANG_ENABLE_OBJC_WEAK = YES;
				CLANG_WARN_BLOCK_CAPTURE_AUTORELEASING = YES;
				CLANG_WARN_BOOL_CONVERSION = YES;
				CLANG_WARN_COMMA = YES;
				CLANG_WARN_CONSTANT_CONVERSION = YES;
				CLANG_WARN_DEPRECATED_OBJC_IMPLEMENTATIONS = YES;
				CLANG_WARN_DIRECT_OBJC_ISA_USAGE = YES_ERROR;
				CLANG_WARN_DOCUMENTATION_COMMENTS = YES;
				CLANG_WARN_EMPTY_BODY = YES;
				CLANG_WARN_ENUM_CONVERSION = YES;
				CLANG_WARN_INFINITE_RECURSION = YES;
				CLANG_WARN_INT_CONVERSION = YES;
				CLANG_WARN_NON_LITERAL_NULL_CONVERSION = YES;
				CLANG_WARN_OBJC_IMPLICIT_RETAIN_SELF = YES;
				CLANG_WARN_OBJC_LITERAL_CONVERSION = YES;
				CLANG_WARN_OBJC_ROOT_CLASS = YES_ERROR;
				CLANG_WARN_QUOTED_INCLUDE_IN_FRAMEWORK_HEADER = YES;
				CLANG_WARN_RANGE_LOOP_ANALYSIS = YES;
				CLANG_WARN_STRICT_PROTOTYPES = YES;
				CLANG_WARN_SUSPICIOUS_MOVE = YES;
				CLANG_WARN_UNGUARDED_AVAILABILITY = YES_AGGRESSIVE;
				CLANG_WARN_UNREACHABLE_CODE = YES;
				CLANG_WARN__DUPLICATE_METHOD_MATCH = YES;
				CODE_SIGN_STYLE = Automatic;
				COPY_PHASE_STRIP = NO;
				CURRENT_PROJECT_VERSION = 1;
				DEBUG_INFORMATION_FORMAT = "dwarf-with-dsym";
				DEFINES_MODULE = YES;
				DEVELOPMENT_TEAM = 8TCNQ547JF;
				DYLIB_COMPATIBILITY_VERSION = 1;
				DYLIB_CURRENT_VERSION = 1;
				DYLIB_INSTALL_NAME_BASE = "@rpath";
				ENABLE_NS_ASSERTIONS = NO;
				ENABLE_STRICT_OBJC_MSGSEND = YES;
				GCC_C_LANGUAGE_STANDARD = gnu11;
				GCC_NO_COMMON_BLOCKS = YES;
				GCC_WARN_64_TO_32_BIT_CONVERSION = YES;
				GCC_WARN_ABOUT_RETURN_TYPE = YES_ERROR;
				GCC_WARN_UNDECLARED_SELECTOR = YES;
				GCC_WARN_UNINITIALIZED_AUTOS = YES_AGGRESSIVE;
				GCC_WARN_UNUSED_FUNCTION = YES;
				GCC_WARN_UNUSED_VARIABLE = YES;
				GENERATE_INFOPLIST_FILE = YES;
				INFOPLIST_KEY_NSHumanReadableCopyright = "";
				INSTALL_PATH = "$(LOCAL_LIBRARY_DIR)/Frameworks";
				IPHONEOS_DEPLOYMENT_TARGET = 12.0;
				"IPHONEOS_DEPLOYMENT_TARGET[sdk=macosx*]" = 14.2;
				LD_RUNPATH_SEARCH_PATHS = (
					"$(inherited)",
					"@executable_path/Frameworks",
					"@loader_path/Frameworks",
				);
				MARKETING_VERSION = 1.0;
				MTL_ENABLE_DEBUG_INFO = NO;
				MTL_FAST_MATH = YES;
				PRODUCT_BUNDLE_IDENTIFIER = "com.phoenix.ReerKit-iOS";
				PRODUCT_NAME = ReerKit;
				SDKROOT = iphoneos;
				SKIP_INSTALL = YES;
				SWIFT_COMPILATION_MODE = wholemodule;
				SWIFT_EMIT_LOC_STRINGS = YES;
				SWIFT_OPTIMIZATION_LEVEL = "-O";
				SWIFT_VERSION = 5.0;
				TARGETED_DEVICE_FAMILY = "1,2";
				VALIDATE_PRODUCT = YES;
				VERSIONING_SYSTEM = "apple-generic";
				VERSION_INFO_PREFIX = "";
			};
			name = Release;
		};
		D0B12106285505AA00B5B326 /* Debug */ = {
			isa = XCBuildConfiguration;
			buildSettings = {
				ALWAYS_EMBED_SWIFT_STANDARD_LIBRARIES = YES;
				ALWAYS_SEARCH_USER_PATHS = NO;
				CLANG_ANALYZER_NONNULL = YES;
				CLANG_ANALYZER_NUMBER_OBJECT_CONVERSION = YES_AGGRESSIVE;
				CLANG_CXX_LANGUAGE_STANDARD = "gnu++17";
				CLANG_CXX_LIBRARY = "libc++";
				CLANG_ENABLE_MODULES = YES;
				CLANG_ENABLE_OBJC_ARC = YES;
				CLANG_ENABLE_OBJC_WEAK = YES;
				CLANG_WARN_BLOCK_CAPTURE_AUTORELEASING = YES;
				CLANG_WARN_BOOL_CONVERSION = YES;
				CLANG_WARN_COMMA = YES;
				CLANG_WARN_CONSTANT_CONVERSION = YES;
				CLANG_WARN_DEPRECATED_OBJC_IMPLEMENTATIONS = YES;
				CLANG_WARN_DIRECT_OBJC_ISA_USAGE = YES_ERROR;
				CLANG_WARN_DOCUMENTATION_COMMENTS = YES;
				CLANG_WARN_EMPTY_BODY = YES;
				CLANG_WARN_ENUM_CONVERSION = YES;
				CLANG_WARN_INFINITE_RECURSION = YES;
				CLANG_WARN_INT_CONVERSION = YES;
				CLANG_WARN_NON_LITERAL_NULL_CONVERSION = YES;
				CLANG_WARN_OBJC_IMPLICIT_RETAIN_SELF = YES;
				CLANG_WARN_OBJC_LITERAL_CONVERSION = YES;
				CLANG_WARN_OBJC_ROOT_CLASS = YES_ERROR;
				CLANG_WARN_QUOTED_INCLUDE_IN_FRAMEWORK_HEADER = YES;
				CLANG_WARN_RANGE_LOOP_ANALYSIS = YES;
				CLANG_WARN_STRICT_PROTOTYPES = YES;
				CLANG_WARN_SUSPICIOUS_MOVE = YES;
				CLANG_WARN_UNGUARDED_AVAILABILITY = YES_AGGRESSIVE;
				CLANG_WARN_UNREACHABLE_CODE = YES;
				CLANG_WARN__DUPLICATE_METHOD_MATCH = YES;
				CODE_SIGN_STYLE = Automatic;
				COPY_PHASE_STRIP = NO;
				CURRENT_PROJECT_VERSION = 1;
				DEBUG_INFORMATION_FORMAT = dwarf;
				DEVELOPMENT_TEAM = 8TCNQ547JF;
				ENABLE_STRICT_OBJC_MSGSEND = YES;
				ENABLE_TESTABILITY = YES;
				GCC_C_LANGUAGE_STANDARD = gnu11;
				GCC_DYNAMIC_NO_PIC = NO;
				GCC_NO_COMMON_BLOCKS = YES;
				GCC_OPTIMIZATION_LEVEL = 0;
				GCC_PREPROCESSOR_DEFINITIONS = (
					"DEBUG=1",
					"$(inherited)",
				);
				GCC_WARN_64_TO_32_BIT_CONVERSION = YES;
				GCC_WARN_ABOUT_RETURN_TYPE = YES_ERROR;
				GCC_WARN_UNDECLARED_SELECTOR = YES;
				GCC_WARN_UNINITIALIZED_AUTOS = YES_AGGRESSIVE;
				GCC_WARN_UNUSED_FUNCTION = YES;
				GCC_WARN_UNUSED_VARIABLE = YES;
				GENERATE_INFOPLIST_FILE = YES;
				IPHONEOS_DEPLOYMENT_TARGET = 15.2;
				LD_RUNPATH_SEARCH_PATHS = (
					"$(inherited)",
					"@executable_path/Frameworks",
					"@loader_path/Frameworks",
				);
				MARKETING_VERSION = 1.0;
				MTL_ENABLE_DEBUG_INFO = INCLUDE_SOURCE;
				MTL_FAST_MATH = YES;
				ONLY_ACTIVE_ARCH = YES;
				PRODUCT_BUNDLE_IDENTIFIER = "com.phoenix.ReerKit-iOSTests";
				PRODUCT_NAME = "$(TARGET_NAME)";
				SDKROOT = iphoneos;
				SWIFT_ACTIVE_COMPILATION_CONDITIONS = DEBUG;
				SWIFT_EMIT_LOC_STRINGS = NO;
				SWIFT_OBJC_BRIDGING_HEADER = "";
				SWIFT_OPTIMIZATION_LEVEL = "-Onone";
				SWIFT_VERSION = 5.0;
				TARGETED_DEVICE_FAMILY = "1,2";
			};
			name = Debug;
		};
		D0B12107285505AA00B5B326 /* Release */ = {
			isa = XCBuildConfiguration;
			buildSettings = {
				ALWAYS_EMBED_SWIFT_STANDARD_LIBRARIES = YES;
				ALWAYS_SEARCH_USER_PATHS = NO;
				CLANG_ANALYZER_NONNULL = YES;
				CLANG_ANALYZER_NUMBER_OBJECT_CONVERSION = YES_AGGRESSIVE;
				CLANG_CXX_LANGUAGE_STANDARD = "gnu++17";
				CLANG_CXX_LIBRARY = "libc++";
				CLANG_ENABLE_MODULES = YES;
				CLANG_ENABLE_OBJC_ARC = YES;
				CLANG_ENABLE_OBJC_WEAK = YES;
				CLANG_WARN_BLOCK_CAPTURE_AUTORELEASING = YES;
				CLANG_WARN_BOOL_CONVERSION = YES;
				CLANG_WARN_COMMA = YES;
				CLANG_WARN_CONSTANT_CONVERSION = YES;
				CLANG_WARN_DEPRECATED_OBJC_IMPLEMENTATIONS = YES;
				CLANG_WARN_DIRECT_OBJC_ISA_USAGE = YES_ERROR;
				CLANG_WARN_DOCUMENTATION_COMMENTS = YES;
				CLANG_WARN_EMPTY_BODY = YES;
				CLANG_WARN_ENUM_CONVERSION = YES;
				CLANG_WARN_INFINITE_RECURSION = YES;
				CLANG_WARN_INT_CONVERSION = YES;
				CLANG_WARN_NON_LITERAL_NULL_CONVERSION = YES;
				CLANG_WARN_OBJC_IMPLICIT_RETAIN_SELF = YES;
				CLANG_WARN_OBJC_LITERAL_CONVERSION = YES;
				CLANG_WARN_OBJC_ROOT_CLASS = YES_ERROR;
				CLANG_WARN_QUOTED_INCLUDE_IN_FRAMEWORK_HEADER = YES;
				CLANG_WARN_RANGE_LOOP_ANALYSIS = YES;
				CLANG_WARN_STRICT_PROTOTYPES = YES;
				CLANG_WARN_SUSPICIOUS_MOVE = YES;
				CLANG_WARN_UNGUARDED_AVAILABILITY = YES_AGGRESSIVE;
				CLANG_WARN_UNREACHABLE_CODE = YES;
				CLANG_WARN__DUPLICATE_METHOD_MATCH = YES;
				CODE_SIGN_STYLE = Automatic;
				COPY_PHASE_STRIP = NO;
				CURRENT_PROJECT_VERSION = 1;
				DEBUG_INFORMATION_FORMAT = "dwarf-with-dsym";
				DEVELOPMENT_TEAM = 8TCNQ547JF;
				ENABLE_NS_ASSERTIONS = NO;
				ENABLE_STRICT_OBJC_MSGSEND = YES;
				GCC_C_LANGUAGE_STANDARD = gnu11;
				GCC_NO_COMMON_BLOCKS = YES;
				GCC_WARN_64_TO_32_BIT_CONVERSION = YES;
				GCC_WARN_ABOUT_RETURN_TYPE = YES_ERROR;
				GCC_WARN_UNDECLARED_SELECTOR = YES;
				GCC_WARN_UNINITIALIZED_AUTOS = YES_AGGRESSIVE;
				GCC_WARN_UNUSED_FUNCTION = YES;
				GCC_WARN_UNUSED_VARIABLE = YES;
				GENERATE_INFOPLIST_FILE = YES;
				IPHONEOS_DEPLOYMENT_TARGET = 15.2;
				LD_RUNPATH_SEARCH_PATHS = (
					"$(inherited)",
					"@executable_path/Frameworks",
					"@loader_path/Frameworks",
				);
				MARKETING_VERSION = 1.0;
				MTL_ENABLE_DEBUG_INFO = NO;
				MTL_FAST_MATH = YES;
				PRODUCT_BUNDLE_IDENTIFIER = "com.phoenix.ReerKit-iOSTests";
				PRODUCT_NAME = "$(TARGET_NAME)";
				SDKROOT = iphoneos;
				SWIFT_COMPILATION_MODE = wholemodule;
				SWIFT_EMIT_LOC_STRINGS = NO;
				SWIFT_OBJC_BRIDGING_HEADER = "";
				SWIFT_OPTIMIZATION_LEVEL = "-O";
				SWIFT_VERSION = 5.0;
				TARGETED_DEVICE_FAMILY = "1,2";
				VALIDATE_PRODUCT = YES;
			};
			name = Release;
		};
/* End XCBuildConfiguration section */

/* Begin XCConfigurationList section */
		D0B120EC2855057800B5B326 /* Build configuration list for PBXProject "ReerKit" */ = {
			isa = XCConfigurationList;
			buildConfigurations = (
				D0B120ED2855057800B5B326 /* Debug */,
				D0B120EE2855057800B5B326 /* Release */,
			);
			defaultConfigurationIsVisible = 0;
			defaultConfigurationName = Release;
		};
		D0B12108285505AA00B5B326 /* Build configuration list for PBXNativeTarget "ReerKit-iOS" */ = {
			isa = XCConfigurationList;
			buildConfigurations = (
				D0B12104285505AA00B5B326 /* Debug */,
				D0B12105285505AA00B5B326 /* Release */,
			);
			defaultConfigurationIsVisible = 0;
			defaultConfigurationName = Release;
		};
		D0B12109285505AA00B5B326 /* Build configuration list for PBXNativeTarget "ReerKit-iOSTests" */ = {
			isa = XCConfigurationList;
			buildConfigurations = (
				D0B12106285505AA00B5B326 /* Debug */,
				D0B12107285505AA00B5B326 /* Release */,
			);
			defaultConfigurationIsVisible = 0;
			defaultConfigurationName = Release;
		};
/* End XCConfigurationList section */
	};
	rootObject = D0B120E92855057800B5B326 /* Project object */;
}
